
Microsoft Visual Studio Solution File, Format Version 12.00
# Visual Studio Version 16
VisualStudioVersion = 16.0.31410.357
MinimumVisualStudioVersion = 10.0.40219.1
Project("{FAE04EC0-301F-11D3-BF4B-00C04F79EFBC}") = "CommandPatternLesson", "CommandPatternLesson\CommandPatternLesson.csproj", "{8A01CEAC-28A2-473C-89BC-CD22B3BD31F1}"
EndProject
Global
	GlobalSection(SolutionConfigurationPlatforms) = preSolution
		Debug|Any CPU = Debug|Any CPU
		Release|Any CPU = Release|Any CPU
	EndGlobalSection
	GlobalSection(ProjectConfigurationPlatforms) = postSolution
		{8A01CEAC-28A2-473C-89BC-CD22B3BD31F1}.Debug|Any CPU.ActiveCfg = Debug|Any CPU
		{8A01CEAC-28A2-473C-89BC-CD22B3BD31F1}.Debug|Any CPU.Build.0 = Debug|Any CPU
		{8A01CEAC-28A2-473C-89BC-CD22B3BD31F1}.Release|Any CPU.ActiveCfg = Release|Any CPU
		{8A01CEAC-28A2-473C-89BC-CD22B3BD31F1}.Release|Any CPU.Build.0 = Release|Any CPU
	EndGlobalSection
	GlobalSection(SolutionProperties) = preSolution
		HideSolutionNode = FALSE
	EndGlobalSection
	GlobalSection(ExtensibilityGlobals) = postSolution
		SolutionGuid = {124AD719-C68E-4B80-BF89-22F45DA6901E}
	EndGlobalSection
EndGlobal
